{
    "_readme": [
        "This file locks the dependencies of your project to a known state",
        "Read more about it at https://getcomposer.org/doc/01-basic-usage.md#installing-dependencies",
        "This file is @generated automatically"
    ],
    "content-hash": "55fd729c8090294dede279045ad2f347",
    "packages": [
        {
            "name": "fedapay/fedapay-php",
            "version": "0.3.0",
            "source": {
                "type": "git",
                "url": "https://github.com/fedapay/fedapay-php.git",
                "reference": "5e94efe0744c582af2ab5edb69d05fcf4d3d2cbb"
            },
            "dist": {
                "type": "zip",
                "url": "https://api.github.com/repos/fedapay/fedapay-php/zipball/5e94efe0744c582af2ab5edb69d05fcf4d3d2cbb",
                "reference": "5e94efe0744c582af2ab5edb69d05fcf4d3d2cbb",
                "shasum": ""
            },
            "require": {
                "ext-curl": "*",
                "ext-json": "*",
                "ext-mbstring": "*",
                "php": ">=5.5"
            },
            "require-dev": {
                "fzaninotto/faker": "^1.7",
                "phpunit/phpunit": "~4.0",
                "squizlabs/php_codesniffer": "~2.0"
            },
            "type": "library",
            "autoload": {
                "psr-4": {
                    "FedaPay\\": "lib/"
                }
            },
            "notification-url": "https://packagist.org/downloads/",
            "license": [
                "MIT"
            ],
            "authors": [
                {
                    "name": "FedaPay and contributors",
                    "homepage": "https://github.com/fedapay/fedapay-php/contributors"
                }
            ],
            "description": "PHP library for FedaPay https://fedapay.com",
            "homepage": "https://fedapay.com/",
            "keywords": [
                "api",
                "fedapay",
                "payment processing"
            ],
            "time": "2019-11-26T11:36:40+00:00"
        }
    ],
    "packages-dev": [],
    "aliases": [],
    "minimum-stability": "stable",
    "stability-flags": [],
    "prefer-stable": false,
    "prefer-lowest": false,
    "platform": [],
    "platform-dev": [],
    "plugin-api-version": "1.1.0"
}
