{
    "_readme": [
        "This file locks the dependencies of your project to a known state",
        "Read more about it at https://getcomposer.org/doc/01-basic-usage.md#installing-dependencies",
        "This file is @generated automatically"
    ],
    "content-hash": "d793ba928420cdf71341cff9886d11ac",
    "packages": [
        {
            "name": "fedapay/fedapay-php",
            "version": "0.3.1",
            "source": {
                "type": "git",
                "url": "https://github.com/fedapay/fedapay-php.git",
                "reference": "0b47096860520544341210c07fc6a5254b1f2d8c"
            },
            "dist": {
                "type": "zip",
                "url": "https://api.github.com/repos/fedapay/fedapay-php/zipball/0b47096860520544341210c07fc6a5254b1f2d8c",
                "reference": "0b47096860520544341210c07fc6a5254b1f2d8c",
                "shasum": ""
            },
            "require": {
                "ext-curl": "*",
                "ext-json": "*",
                "ext-mbstring": "*",
                "php": ">=5.5"
            },
            "require-dev": {
                "fzaninotto/faker": "^1.7",
                "phpunit/phpunit": "~4.0",
                "squizlabs/php_codesniffer": "~2.0"
            },
            "type": "library",
            "autoload": {
                "psr-4": {
                    "FedaPay\\": "lib/"
                }
            },
            "notification-url": "https://packagist.org/downloads/",
            "license": [
                "MIT"
            ],
            "authors": [
                {
                    "name": "FedaPay and contributors",
                    "homepage": "https://github.com/fedapay/fedapay-php/contributors"
                }
            ],
            "description": "PHP library for FedaPay https://fedapay.com",
            "homepage": "https://fedapay.com/",
            "keywords": [
                "api",
                "fedapay",
                "payment processing"
            ],
            "time": "2020-08-23T21:58:55+00:00"
        }
    ],
    "packages-dev": [],
    "aliases": [],
    "minimum-stability": "stable",
    "stability-flags": [],
    "prefer-stable": false,
    "prefer-lowest": false,
    "platform": [],
    "platform-dev": [],
    "plugin-api-version": "1.1.0"
}
